
Microsoft Visual Studio Solution File, Format Version 12.00
# Visual Studio Version 17
VisualStudioVersion = 17.5.002.0
MinimumVisualStudioVersion = 10.0.40219.1
Project("{9A19103F-16F7-4668-BE54-9A1E7A4F7556}") = "GradeCalculator", "GradeCalculator\GradeCalculator.csproj", "{8F737EF1-DB71-4C46-8B39-19D001A11D5A}"
EndProject
Global
	GlobalSection(SolutionConfigurationPlatforms) = preSolution
		Debug|Any CPU = Debug|Any CPU
		Release|Any CPU = Release|Any CPU
	EndGlobalSection
	GlobalSection(ProjectConfigurationPlatforms) = postSolution
		{8F737EF1-DB71-4C46-8B39-19D001A11D5A}.Debug|Any CPU.ActiveCfg = Debug|Any CPU
		{8F737EF1-DB71-4C46-8B39-19D001A11D5A}.Debug|Any CPU.Build.0 = Debug|Any CPU
		{8F737EF1-DB71-4C46-8B39-19D001A11D5A}.Release|Any CPU.ActiveCfg = Release|Any CPU
		{8F737EF1-DB71-4C46-8B39-19D001A11D5A}.Release|Any CPU.Build.0 = Release|Any CPU
	EndGlobalSection
	GlobalSection(SolutionProperties) = preSolution
		HideSolutionNode = FALSE
	EndGlobalSection
	GlobalSection(ExtensibilityGlobals) = postSolution
		SolutionGuid = {66F4C6E2-8EE2-49FF-A500-10CFD2638C2F}
	EndGlobalSection
EndGlobal
